// !$*UTF8*$!
{
	archiveVersion = 1;
	classes = {
	};
	objectVersion = 50;
	objects = {

/* Begin PBXBuildFile section */
		13A2F33125E310190096CA40 /* AppDelegate.swift in Sources */ = {isa = PBXBuildFile; fileRef = 13A2F33025E310190096CA40 /* AppDelegate.swift */; };
		13A2F33325E310190096CA40 /* SceneDelegate.swift in Sources */ = {isa = PBXBuildFile; fileRef = 13A2F33225E310190096CA40 /* SceneDelegate.swift */; };
		13A2F33525E310190096CA40 /* ViewController.swift in Sources */ = {isa = PBXBuildFile; fileRef = 13A2F33425E310190096CA40 /* ViewController.swift */; };
		13A2F33825E310190096CA40 /* Main.storyboard in Resources */ = {isa = PBXBuildFile; fileRef = 13A2F33625E310190096CA40 /* Main.storyboard */; };
		13A2F33A25E3101B0096CA40 /* Assets.xcassets in Resources */ = {isa = PBXBuildFile; fileRef = 13A2F33925E3101B0096CA40 /* Assets.xcassets */; };
		13A2F33D25E3101B0096CA40 /* LaunchScreen.storyboard in Resources */ = {isa = PBXBuildFile; fileRef = 13A2F33B25E3101B0096CA40 /* LaunchScreen.storyboard */; };
		13A2F34825E3101B0096CA40 /* BootcampAppDemoTests.swift in Sources */ = {isa = PBXBuildFile; fileRef = 13A2F34725E3101B0096CA40 /* BootcampAppDemoTests.swift */; };
		13A2F35325E3101B0096CA40 /* BootcampAppDemoUITests.swift in Sources */ = {isa = PBXBuildFile; fileRef = 13A2F35225E3101B0096CA40 /* BootcampAppDemoUITests.swift */; };
/* End PBXBuildFile section */

/* Begin PBXContainerItemProxy section */
		13A2F34425E3101B0096CA40 /* PBXContainerItemProxy */ = {
			isa = PBXContainerItemProxy;
			containerPortal = 13A2F32525E310190096CA40 /* Project object */;
			proxyType = 1;
			remoteGlobalIDString = 13A2F32C25E310190096CA40;
			remoteInfo = BootcampAppDemo;
		};
		13A2F34F25E3101B0096CA40 /* PBXContainerItemProxy */ = {
			isa = PBXContainerItemProxy;
			containerPortal = 13A2F32525E310190096CA40 /* Project object */;
			proxyType = 1;
			remoteGlobalIDString = 13A2F32C25E310190096CA40;
			remoteInfo = BootcampAppDemo;
		};
/* End PBXContainerItemProxy section */

/* Begin PBXFileReference section */
		13A2F32D25E310190096CA40 /* BootcampAppDemo.app */ = {isa = PBXFileReference; explicitFileType = wrapper.application; includeInIndex = 0; path = BootcampAppDemo.app; sourceTree = BUILT_PRODUCTS_DIR; };
		13A2F33025E310190096CA40 /* AppDelegate.swift */ = {isa = PBXFileReference; lastKnownFileType = sourcecode.swift; path = AppDelegate.swift; sourceTree = "<group>"; };
		13A2F33225E310190096CA40 /* SceneDelegate.swift */ = {isa = PBXFileReference; lastKnownFileType = sourcecode.swift; path = SceneDelegate.swift; sourceTree = "<group>"; };
		13A2F33425E310190096CA40 /* ViewController.swift */ = {isa = PBXFileReference; lastKnownFileType = sourcecode.swift; path = ViewController.swift; sourceTree = "<group>"; };
		13A2F33725E310190096CA40 /* Base */ = {isa = PBXFileReference; lastKnownFileType = file.storyboard; name = Base; path = Base.lproj/Main.storyboard; sourceTree = "<group>"; };
		13A2F33925E3101B0096CA40 /* Assets.xcassets */ = {isa = PBXFileReference; lastKnownFileType = folder.assetcatalog; path = Assets.xcassets; sourceTree = "<group>"; };
		13A2F33C25E3101B0096CA40 /* Base */ = {isa = PBXFileReference; lastKnownFileType = file.storyboard; name = Base; path = Base.lproj/LaunchScreen.storyboard; sourceTree = "<group>"; };
		13A2F33E25E3101B0096CA40 /* Info.plist */ = {isa = PBXFileReference; lastKnownFileType = text.plist.xml; path = Info.plist; sourceTree = "<group>"; };
		13A2F34325E3101B0096CA40 /* BootcampAppDemoTests.xctest */ = {isa = PBXFileReference; explicitFileType = wrapper.cfbundle; includeInIndex = 0; path = BootcampAppDemoTests.xctest; sourceTree = BUILT_PRODUCTS_DIR; };
		13A2F34725E3101B0096CA40 /* BootcampAppDemoTests.swift */ = {isa = PBXFileReference; lastKnownFileType = sourcecode.swift; path = BootcampAppDemoTests.swift; sourceTree = "<group>"; };
		13A2F34925E3101B0096CA40 /* Info.plist */ = {isa = PBXFileReference; lastKnownFileType = text.plist.xml; path = Info.plist; sourceTree = "<group>"; };
		13A2F34E25E3101B0096CA40 /* BootcampAppDemoUITests.xctest */ = {isa = PBXFileReference; explicitFileType = wrapper.cfbundle; includeInIndex = 0; path = BootcampAppDemoUITests.xctest; sourceTree = BUILT_PRODUCTS_DIR; };
		13A2F35225E3101B0096CA40 /* BootcampAppDemoUITests.swift */ = {isa = PBXFileReference; lastKnownFileType = sourcecode.swift; path = BootcampAppDemoUITests.swift; sourceTree = "<group>"; };
		13A2F35425E3101B0096CA40 /* Info.plist */ = {isa = PBXFileReference; lastKnownFileType = text.plist.xml; path = Info.plist; sourceTree = "<group>"; };
		13A2F36725E3150C0096CA40 /* README.md */ = {isa = PBXFileReference; lastKnownFileType = net.daringfireball.markdown; name = README.md; path = ../README.md; sourceTree = "<group>"; };
/* End PBXFileReference section */

/* Begin PBXFrameworksBuildPhase section */
		13A2F32A25E310190096CA40 /* Frameworks */ = {
			isa = PBXFrameworksBuildPhase;
			buildActionMask = 2147483647;
			files = (
			);
			runOnlyForDeploymentPostprocessing = 0;
		};
		13A2F34025E3101B0096CA40 /* Frameworks */ = {
			isa = PBXFrameworksBuildPhase;
			buildActionMask = 2147483647;
			files = (
			);
			runOnlyForDeploymentPostprocessing = 0;
		};
		13A2F34B25E3101B0096CA40 /* Frameworks */ = {
			isa = PBXFrameworksBuildPhase;
			buildActionMask = 2147483647;
			files = (
			);
			runOnlyForDeploymentPostprocessing = 0;
		};
/* End PBXFrameworksBuildPhase section */

/* Begin PBXGroup section */
		13A2F32425E310190096CA40 = {
			isa = PBXGroup;
			children = (
				13A2F36725E3150C0096CA40 /* README.md */,
				13A2F32F25E310190096CA40 /* BootcampAppDemo */,
				13A2F34625E3101B0096CA40 /* BootcampAppDemoTests */,
				13A2F35125E3101B0096CA40 /* BootcampAppDemoUITests */,
				13A2F32E25E310190096CA40 /* Products */,
			);
			sourceTree = "<group>";
		};
		13A2F32E25E310190096CA40 /* Products */ = {
			isa = PBXGroup;
			children = (
				13A2F32D25E310190096CA40 /* BootcampAppDemo.app */,
				13A2F34325E3101B0096CA40 /* BootcampAppDemoTests.xctest */,
				13A2F34E25E3101B0096CA40 /* BootcampAppDemoUITests.xctest */,
			);
			name = Products;
			sourceTree = "<group>";
		};
		13A2F32F25E310190096CA40 /* BootcampAppDemo */ = {
			isa = PBXGroup;
			children = (
				13A2F33025E310190096CA40 /* AppDelegate.swift */,
				13A2F33225E310190096CA40 /* SceneDelegate.swift */,
				13A2F33425E310190096CA40 /* ViewController.swift */,
				13A2F33625E310190096CA40 /* Main.storyboard */,
				13A2F33925E3101B0096CA40 /* Assets.xcassets */,
				13A2F33B25E3101B0096CA40 /* LaunchScreen.storyboard */,
				13A2F33E25E3101B0096CA40 /* Info.plist */,
			);
			path = BootcampAppDemo;
			sourceTree = "<group>";
		};
		13A2F34625E3101B0096CA40 /* BootcampAppDemoTests */ = {
			isa = PBXGroup;
			children = (
				13A2F34725E3101B0096CA40 /* BootcampAppDemoTests.swift */,
				13A2F34925E3101B0096CA40 /* Info.plist */,
			);
			path = BootcampAppDemoTests;
			sourceTree = "<group>";
		};
		13A2F35125E3101B0096CA40 /* BootcampAppDemoUITests */ = {
			isa = PBXGroup;
			children = (
				13A2F35225E3101B0096CA40 /* BootcampAppDemoUITests.swift */,
				13A2F35425E3101B0096CA40 /* Info.plist */,
			);
			path = BootcampAppDemoUITests;
			sourceTree = "<group>";
		};
/* End PBXGroup section */

/* Begin PBXNativeTarget section */
		13A2F32C25E310190096CA40 /* BootcampAppDemo */ = {
			isa = PBXNativeTarget;
			buildConfigurationList = 13A2F35725E3101B0096CA40 /* Build configuration list for PBXNativeTarget "BootcampAppDemo" */;
			buildPhases = (
				13A2F32925E310190096CA40 /* Sources */,
				13A2F32A25E310190096CA40 /* Frameworks */,
				13A2F32B25E310190096CA40 /* Resources */,
			);
			buildRules = (
			);
			dependencies = (
			);
			name = BootcampAppDemo;
			productName = BootcampAppDemo;
			productReference = 13A2F32D25E310190096CA40 /* BootcampAppDemo.app */;
			productType = "com.apple.product-type.application";
		};
		13A2F34225E3101B0096CA40 /* BootcampAppDemoTests */ = {
			isa = PBXNativeTarget;
			buildConfigurationList = 13A2F35A25E3101B0096CA40 /* Build configuration list for PBXNativeTarget "BootcampAppDemoTests" */;
			buildPhases = (
				13A2F33F25E3101B0096CA40 /* Sources */,
				13A2F34025E3101B0096CA40 /* Frameworks */,
				13A2F34125E3101B0096CA40 /* Resources */,
			);
			buildRules = (
			);
			dependencies = (
				13A2F34525E3101B0096CA40 /* PBXTargetDependency */,
			);
			name = BootcampAppDemoTests;
			productName = BootcampAppDemoTests;
			productReference = 13A2F34325E3101B0096CA40 /* BootcampAppDemoTests.xctest */;
			productType = "com.apple.product-type.bundle.unit-test";
		};
		13A2F34D25E3101B0096CA40 /* BootcampAppDemoUITests */ = {
			isa = PBXNativeTarget;
			buildConfigurationList = 13A2F35D25E3101B0096CA40 /* Build configuration list for PBXNativeTarget "BootcampAppDemoUITests" */;
			buildPhases = (
				13A2F34A25E3101B0096CA40 /* Sources */,
				13A2F34B25E3101B0096CA40 /* Frameworks */,
				13A2F34C25E3101B0096CA40 /* Resources */,
			);
			buildRules = (
			);
			dependencies = (
				13A2F35025E3101B0096CA40 /* PBXTargetDependency */,
			);
			name = BootcampAppDemoUITests;
			productName = BootcampAppDemoUITests;
			productReference = 13A2F34E25E3101B0096CA40 /* BootcampAppDemoUITests.xctest */;
			productType = "com.apple.product-type.bundle.ui-testing";
		};
/* End PBXNativeTarget section */

/* Begin PBXProject section */
		13A2F32525E310190096CA40 /* Project object */ = {
			isa = PBXProject;
			attributes = {
				LastSwiftUpdateCheck = 1240;
				LastUpgradeCheck = 1240;
				TargetAttributes = {
					13A2F32C25E310190096CA40 = {
						CreatedOnToolsVersion = 12.4;
					};
					13A2F34225E3101B0096CA40 = {
						CreatedOnToolsVersion = 12.4;
						TestTargetID = 13A2F32C25E310190096CA40;
					};
					13A2F34D25E3101B0096CA40 = {
						CreatedOnToolsVersion = 12.4;
						TestTargetID = 13A2F32C25E310190096CA40;
					};
				};
			};
			buildConfigurationList = 13A2F32825E310190096CA40 /* Build configuration list for PBXProject "BootcampAppDemo" */;
			compatibilityVersion = "Xcode 9.3";
			developmentRegion = en;
			hasScannedForEncodings = 0;
			knownRegions = (
				en,
				Base,
			);
			mainGroup = 13A2F32425E310190096CA40;
			productRefGroup = 13A2F32E25E310190096CA40 /* Products */;
			projectDirPath = "";
			projectRoot = "";
			targets = (
				13A2F32C25E310190096CA40 /* BootcampAppDemo */,
				13A2F34225E3101B0096CA40 /* BootcampAppDemoTests */,
				13A2F34D25E3101B0096CA40 /* BootcampAppDemoUITests */,
			);
		};
/* End PBXProject section */

/* Begin PBXResourcesBuildPhase section */
		13A2F32B25E310190096CA40 /* Resources */ = {
			isa = PBXResourcesBuildPhase;
			buildActionMask = 2147483647;
			files = (
				13A2F33D25E3101B0096CA40 /* LaunchScreen.storyboard in Resources */,
				13A2F33A25E3101B0096CA40 /* Assets.xcassets in Resources */,
				13A2F33825E310190096CA40 /* Main.storyboard in Resources */,
			);
			runOnlyForDeploymentPostprocessing = 0;
		};
		13A2F34125E3101B0096CA40 /* Resources */ = {
			isa = PBXResourcesBuildPhase;
			buildActionMask = 2147483647;
			files = (
			);
			runOnlyForDeploymentPostprocessing = 0;
		};
		13A2F34C25E3101B0096CA40 /* Resources */ = {
			isa = PBXResourcesBuildPhase;
			buildActionMask = 2147483647;
			files = (
			);
			runOnlyForDeploymentPostprocessing = 0;
		};
/* End PBXResourcesBuildPhase section */

/* Begin PBXSourcesBuildPhase section */
		13A2F32925E310190096CA40 /* Sources */ = {
			isa = PBXSourcesBuildPhase;
			buildActionMask = 2147483647;
			files = (
				13A2F33525E310190096CA40 /* ViewController.swift in Sources */,
				13A2F33125E310190096CA40 /* AppDelegate.swift in Sources */,
				13A2F33325E310190096CA40 /* SceneDelegate.swift in Sources */,
			);
			runOnlyForDeploymentPostprocessing = 0;
		};
		13A2F33F25E3101B0096CA40 /* Sources */ = {
			isa = PBXSourcesBuildPhase;
			buildActionMask = 2147483647;
			files = (
				13A2F34825E3101B0096CA40 /* BootcampAppDemoTests.swift in Sources */,
			);
			runOnlyForDeploymentPostprocessing = 0;
		};
		13A2F34A25E3101B0096CA40 /* Sources */ = {
			isa = PBXSourcesBuildPhase;
			buildActionMask = 2147483647;
			files = (
				13A2F35325E3101B0096CA40 /* BootcampAppDemoUITests.swift in Sources */,
			);
			runOnlyForDeploymentPostprocessing = 0;
		};
/* End PBXSourcesBuildPhase section */

/* Begin PBXTargetDependency section */
		13A2F34525E3101B0096CA40 /* PBXTargetDependency */ = {
			isa = PBXTargetDependency;
			target = 13A2F32C25E310190096CA40 /* BootcampAppDemo */;
			targetProxy = 13A2F34425E3101B0096CA40 /* PBXContainerItemProxy */;
		};
		13A2F35025E3101B0096CA40 /* PBXTargetDependency */ = {
			isa = PBXTargetDependency;
			target = 13A2F32C25E310190096CA40 /* BootcampAppDemo */;
			targetProxy = 13A2F34F25E3101B0096CA40 /* PBXContainerItemProxy */;
		};
/* End PBXTargetDependency section */

/* Begin PBXVariantGroup section */
		13A2F33625E310190096CA40 /* Main.storyboard */ = {
			isa = PBXVariantGroup;
			children = (
				13A2F33725E310190096CA40 /* Base */,
			);
			name = Main.storyboard;
			sourceTree = "<group>";
		};
		13A2F33B25E3101B0096CA40 /* LaunchScreen.storyboard */ = {
			isa = PBXVariantGroup;
			children = (
				13A2F33C25E3101B0096CA40 /* Base */,
			);
			name = LaunchScreen.storyboard;
			sourceTree = "<group>";
		};
/* End PBXVariantGroup section */

/* Begin XCBuildConfiguration section */
		13A2F35525E3101B0096CA40 /* Debug */ = {
			isa = XCBuildConfiguration;
			buildSettings = {
				ALWAYS_SEARCH_USER_PATHS = NO;
				CLANG_ANALYZER_NONNULL = YES;
				CLANG_ANALYZER_NUMBER_OBJECT_CONVERSION = YES_AGGRESSIVE;
				CLANG_CXX_LANGUAGE_STANDARD = "gnu++14";
				CLANG_CXX_LIBRARY = "libc++";
				CLANG_ENABLE_MODULES = YES;
				CLANG_ENABLE_OBJC_ARC = YES;
				CLANG_ENABLE_OBJC_WEAK = YES;
				CLANG_WARN_BLOCK_CAPTURE_AUTORELEASING = YES;
				CLANG_WARN_BOOL_CONVERSION = YES;
				CLANG_WARN_COMMA = YES;
				CLANG_WARN_CONSTANT_CONVERSION = YES;
				CLANG_WARN_DEPRECATED_OBJC_IMPLEMENTATIONS = YES;
				CLANG_WARN_DIRECT_OBJC_ISA_USAGE = YES_ERROR;
				CLANG_WARN_DOCUMENTATION_COMMENTS = YES;
				CLANG_WARN_EMPTY_BODY = YES;
				CLANG_WARN_ENUM_CONVERSION = YES;
				CLANG_WARN_INFINITE_RECURSION = YES;
				CLANG_WARN_INT_CONVERSION = YES;
				CLANG_WARN_NON_LITERAL_NULL_CONVERSION = YES;
				CLANG_WARN_OBJC_IMPLICIT_RETAIN_SELF = YES;
				CLANG_WARN_OBJC_LITERAL_CONVERSION = YES;
				CLANG_WARN_OBJC_ROOT_CLASS = YES_ERROR;
				CLANG_WARN_QUOTED_INCLUDE_IN_FRAMEWORK_HEADER = YES;
				CLANG_WARN_RANGE_LOOP_ANALYSIS = YES;
				CLANG_WARN_STRICT_PROTOTYPES = YES;
				CLANG_WARN_SUSPICIOUS_MOVE = YES;
				CLANG_WARN_UNGUARDED_AVAILABILITY = YES_AGGRESSIVE;
				CLANG_WARN_UNREACHABLE_CODE = YES;
				CLANG_WARN__DUPLICATE_METHOD_MATCH = YES;
				COPY_PHASE_STRIP = NO;
				DEBUG_INFORMATION_FORMAT = dwarf;
				ENABLE_STRICT_OBJC_MSGSEND = YES;
				ENABLE_TESTABILITY = YES;
				GCC_C_LANGUAGE_STANDARD = gnu11;
				GCC_DYNAMIC_NO_PIC = NO;
				GCC_NO_COMMON_BLOCKS = YES;
				GCC_OPTIMIZATION_LEVEL = 0;
				GCC_PREPROCESSOR_DEFINITIONS = (
					"DEBUG=1",
					"$(inherited)",
				);
				GCC_WARN_64_TO_32_BIT_CONVERSION = YES;
				GCC_WARN_ABOUT_RETURN_TYPE = YES_ERROR;
				GCC_WARN_UNDECLARED_SELECTOR = YES;
				GCC_WARN_UNINITIALIZED_AUTOS = YES_AGGRESSIVE;
				GCC_WARN_UNUSED_FUNCTION = YES;
				GCC_WARN_UNUSED_VARIABLE = YES;
				IPHONEOS_DEPLOYMENT_TARGET = 14.4;
				MTL_ENABLE_DEBUG_INFO = INCLUDE_SOURCE;
				MTL_FAST_MATH = YES;
				ONLY_ACTIVE_ARCH = YES;
				SDKROOT = iphoneos;
				SWIFT_ACTIVE_COMPILATION_CONDITIONS = DEBUG;
				SWIFT_OPTIMIZATION_LEVEL = "-Onone";
			};
			name = Debug;
		};
		13A2F35625E3101B0096CA40 /* Release */ = {
			isa = XCBuildConfiguration;
			buildSettings = {
				ALWAYS_SEARCH_USER_PATHS = NO;
				CLANG_ANALYZER_NONNULL = YES;
				CLANG_ANALYZER_NUMBER_OBJECT_CONVERSION = YES_AGGRESSIVE;
				CLANG_CXX_LANGUAGE_STANDARD = "gnu++14";
				CLANG_CXX_LIBRARY = "libc++";
				CLANG_ENABLE_MODULES = YES;
				CLANG_ENABLE_OBJC_ARC = YES;
				CLANG_ENABLE_OBJC_WEAK = YES;
				CLANG_WARN_BLOCK_CAPTURE_AUTORELEASING = YES;
				CLANG_WARN_BOOL_CONVERSION = YES;
				CLANG_WARN_COMMA = YES;
				CLANG_WARN_CONSTANT_CONVERSION = YES;
				CLANG_WARN_DEPRECATED_OBJC_IMPLEMENTATIONS = YES;
				CLANG_WARN_DIRECT_OBJC_ISA_USAGE = YES_ERROR;
				CLANG_WARN_DOCUMENTATION_COMMENTS = YES;
				CLANG_WARN_EMPTY_BODY = YES;
				CLANG_WARN_ENUM_CONVERSION = YES;
				CLANG_WARN_INFINITE_RECURSION = YES;
				CLANG_WARN_INT_CONVERSION = YES;
				CLANG_WARN_NON_LITERAL_NULL_CONVERSION = YES;
				CLANG_WARN_OBJC_IMPLICIT_RETAIN_SELF = YES;
				CLANG_WARN_OBJC_LITERAL_CONVERSION = YES;
				CLANG_WARN_OBJC_ROOT_CLASS = YES_ERROR;
				CLANG_WARN_QUOTED_INCLUDE_IN_FRAMEWORK_HEADER = YES;
				CLANG_WARN_RANGE_LOOP_ANALYSIS = YES;
				CLANG_WARN_STRICT_PROTOTYPES = YES;
				CLANG_WARN_SUSPICIOUS_MOVE = YES;
				CLANG_WARN_UNGUARDED_AVAILABILITY = YES_AGGRESSIVE;
				CLANG_WARN_UNREACHABLE_CODE = YES;
				CLANG_WARN__DUPLICATE_METHOD_MATCH = YES;
				COPY_PHASE_STRIP = NO;
				DEBUG_INFORMATION_FORMAT = "dwarf-with-dsym";
				ENABLE_NS_ASSERTIONS = NO;
				ENABLE_STRICT_OBJC_MSGSEND = YES;
				GCC_C_LANGUAGE_STANDARD = gnu11;
				GCC_NO_COMMON_BLOCKS = YES;
				GCC_WARN_64_TO_32_BIT_CONVERSION = YES;
				GCC_WARN_ABOUT_RETURN_TYPE = YES_ERROR;
				GCC_WARN_UNDECLARED_SELECTOR = YES;
				GCC_WARN_UNINITIALIZED_AUTOS = YES_AGGRESSIVE;
				GCC_WARN_UNUSED_FUNCTION = YES;
				GCC_WARN_UNUSED_VARIABLE = YES;
				IPHONEOS_DEPLOYMENT_TARGET = 14.4;
				MTL_ENABLE_DEBUG_INFO = NO;
				MTL_FAST_MATH = YES;
				SDKROOT = iphoneos;
				SWIFT_COMPILATION_MODE = wholemodule;
				SWIFT_OPTIMIZATION_LEVEL = "-O";
				VALIDATE_PRODUCT = YES;
			};
			name = Release;
		};
		13A2F35825E3101B0096CA40 /* Debug */ = {
			isa = XCBuildConfiguration;
			buildSettings = {
				ASSETCATALOG_COMPILER_APPICON_NAME = AppIcon;
				ASSETCATALOG_COMPILER_GLOBAL_ACCENT_COLOR_NAME = AccentColor;
				CODE_SIGN_STYLE = Automatic;
				DEVELOPMENT_TEAM = SA92WQVAXP;
				INFOPLIST_FILE = BootcampAppDemo/Info.plist;
				LD_RUNPATH_SEARCH_PATHS = (
					"$(inherited)",
					"@executable_path/Frameworks",
				);
				PRODUCT_BUNDLE_IDENTIFIER = com.alex.BootcampAppDemo;
				PRODUCT_NAME = "$(TARGET_NAME)";
				SWIFT_VERSION = 5.0;
				TARGETED_DEVICE_FAMILY = "1,2";
			};
			name = Debug;
		};
		13A2F35925E3101B0096CA40 /* Release */ = {
			isa = XCBuildConfiguration;
			buildSettings = {
				ASSETCATALOG_COMPILER_APPICON_NAME = AppIcon;
				ASSETCATALOG_COMPILER_GLOBAL_ACCENT_COLOR_NAME = AccentColor;
				CODE_SIGN_STYLE = Automatic;
				DEVELOPMENT_TEAM = SA92WQVAXP;
				INFOPLIST_FILE = BootcampAppDemo/Info.plist;
				LD_RUNPATH_SEARCH_PATHS = (
					"$(inherited)",
					"@executable_path/Frameworks",
				);
				PRODUCT_BUNDLE_IDENTIFIER = com.alex.BootcampAppDemo;
				PRODUCT_NAME = "$(TARGET_NAME)";
				SWIFT_VERSION = 5.0;
				TARGETED_DEVICE_FAMILY = "1,2";
			};
			name = Release;
		};
		13A2F35B25E3101B0096CA40 /* Debug */ = {
			isa = XCBuildConfiguration;
			buildSettings = {
				ALWAYS_EMBED_SWIFT_STANDARD_LIBRARIES = YES;
				BUNDLE_LOADER = "$(TEST_HOST)";
				CODE_SIGN_STYLE = Automatic;
				DEVELOPMENT_TEAM = SA92WQVAXP;
				INFOPLIST_FILE = BootcampAppDemoTests/Info.plist;
				IPHONEOS_DEPLOYMENT_TARGET = 14.4;
				LD_RUNPATH_SEARCH_PATHS = (
					"$(inherited)",
					"@executable_path/Frameworks",
					"@loader_path/Frameworks",
				);
				PRODUCT_BUNDLE_IDENTIFIER = com.alex.BootcampAppDemoTests;
				PRODUCT_NAME = "$(TARGET_NAME)";
				SWIFT_VERSION = 5.0;
				TARGETED_DEVICE_FAMILY = "1,2";
				TEST_HOST = "$(BUILT_PRODUCTS_DIR)/BootcampAppDemo.app/BootcampAppDemo";
			};
			name = Debug;
		};
		13A2F35C25E3101B0096CA40 /* Release */ = {
			isa = XCBuildConfiguration;
			buildSettings = {
				ALWAYS_EMBED_SWIFT_STANDARD_LIBRARIES = YES;
				BUNDLE_LOADER = "$(TEST_HOST)";
				CODE_SIGN_STYLE = Automatic;
				DEVELOPMENT_TEAM = SA92WQVAXP;
				INFOPLIST_FILE = BootcampAppDemoTests/Info.plist;
				IPHONEOS_DEPLOYMENT_TARGET = 14.4;
				LD_RUNPATH_SEARCH_PATHS = (
					"$(inherited)",
					"@executable_path/Frameworks",
					"@loader_path/Frameworks",
				);
				PRODUCT_BUNDLE_IDENTIFIER = com.alex.BootcampAppDemoTests;
				PRODUCT_NAME = "$(TARGET_NAME)";
				SWIFT_VERSION = 5.0;
				TARGETED_DEVICE_FAMILY = "1,2";
				TEST_HOST = "$(BUILT_PRODUCTS_DIR)/BootcampAppDemo.app/BootcampAppDemo";
			};
			name = Release;
		};
		13A2F35E25E3101B0096CA40 /* Debug */ = {
			isa = XCBuildConfiguration;
			buildSettings = {
				ALWAYS_EMBED_SWIFT_STANDARD_LIBRARIES = YES;
				CODE_SIGN_STYLE = Automatic;
				DEVELOPMENT_TEAM = SA92WQVAXP;
				INFOPLIST_FILE = BootcampAppDemoUITests/Info.plist;
				LD_RUNPATH_SEARCH_PATHS = (
					"$(inherited)",
					"@executable_path/Frameworks",
					"@loader_path/Frameworks",
				);
				PRODUCT_BUNDLE_IDENTIFIER = com.alex.BootcampAppDemoUITests;
				PRODUCT_NAME = "$(TARGET_NAME)";
				SWIFT_VERSION = 5.0;
				TARGETED_DEVICE_FAMILY = "1,2";
				TEST_TARGET_NAME = BootcampAppDemo;
			};
			name = Debug;
		};
		13A2F35F25E3101B0096CA40 /* Release */ = {
			isa = XCBuildConfiguration;
			buildSettings = {
				ALWAYS_EMBED_SWIFT_STANDARD_LIBRARIES = YES;
				CODE_SIGN_STYLE = Automatic;
				DEVELOPMENT_TEAM = SA92WQVAXP;
				INFOPLIST_FILE = BootcampAppDemoUITests/Info.plist;
				LD_RUNPATH_SEARCH_PATHS = (
					"$(inherited)",
					"@executable_path/Frameworks",
					"@loader_path/Frameworks",
				);
				PRODUCT_BUNDLE_IDENTIFIER = com.alex.BootcampAppDemoUITests;
				PRODUCT_NAME = "$(TARGET_NAME)";
				SWIFT_VERSION = 5.0;
				TARGETED_DEVICE_FAMILY = "1,2";
				TEST_TARGET_NAME = BootcampAppDemo;
			};
			name = Release;
		};
/* End XCBuildConfiguration section */

/* Begin XCConfigurationList section */
		13A2F32825E310190096CA40 /* Build configuration list for PBXProject "BootcampAppDemo" */ = {
			isa = XCConfigurationList;
			buildConfigurations = (
				13A2F35525E3101B0096CA40 /* Debug */,
				13A2F35625E3101B0096CA40 /* Release */,
			);
			defaultConfigurationIsVisible = 0;
			defaultConfigurationName = Release;
		};
		13A2F35725E3101B0096CA40 /* Build configuration list for PBXNativeTarget "BootcampAppDemo" */ = {
			isa = XCConfigurationList;
			buildConfigurations = (
				13A2F35825E3101B0096CA40 /* Debug */,
				13A2F35925E3101B0096CA40 /* Release */,
			);
			defaultConfigurationIsVisible = 0;
			defaultConfigurationName = Release;
		};
		13A2F35A25E3101B0096CA40 /* Build configuration list for PBXNativeTarget "BootcampAppDemoTests" */ = {
			isa = XCConfigurationList;
			buildConfigurations = (
				13A2F35B25E3101B0096CA40 /* Debug */,
				13A2F35C25E3101B0096CA40 /* Release */,
			);
			defaultConfigurationIsVisible = 0;
			defaultConfigurationName = Release;
		};
		13A2F35D25E3101B0096CA40 /* Build configuration list for PBXNativeTarget "BootcampAppDemoUITests" */ = {
			isa = XCConfigurationList;
			buildConfigurations = (
				13A2F35E25E3101B0096CA40 /* Debug */,
				13A2F35F25E3101B0096CA40 /* Release */,
			);
			defaultConfigurationIsVisible = 0;
			defaultConfigurationName = Release;
		};
/* End XCConfigurationList section */
	};
	rootObject = 13A2F32525E310190096CA40 /* Project object */;
}
